
Microsoft Visual Studio Solution File, Format Version 12.00
# Visual Studio Version 17
VisualStudioVersion = 17.8.34330.188
MinimumVisualStudioVersion = 10.0.40219.1
Project("{2150E333-8FDC-42A3-9474-1A3956D46DE8}") = "Common", "Common", "{0C7246DA-7885-40E8-9206-B1B402F67BAB}"
EndProject
Project("{2150E333-8FDC-42A3-9474-1A3956D46DE8}") = "Gateway", "Gateway", "{C2237AE8-0B7A-4CF4-A8FC-61A63BC18AA2}"
EndProject
Project("{2150E333-8FDC-42A3-9474-1A3956D46DE8}") = "UI", "UI", "{65F15D73-E2DA-4FE2-AD1F-855F10D33339}"
EndProject
Project("{9A19103F-16F7-4668-BE54-9A1E7A4F7556}") = "Gateway.API", "Gateway.API\Gateway.API.csproj", "{29C60066-7323-4801-B612-BD5EF1F81118}"
EndProject
Project("{2150E333-8FDC-42A3-9474-1A3956D46DE8}") = "Order", "Order", "{8AEC7E1E-FBB8-4710-88D5-1CE49499DFD1}"
EndProject
Project("{2150E333-8FDC-42A3-9474-1A3956D46DE8}") = "Product", "Product", "{4C9E5F8E-44B3-47CE-996F-DF7597DCD9B3}"
EndProject
Project("{2150E333-8FDC-42A3-9474-1A3956D46DE8}") = "Command", "Command", "{08CD92B9-6A30-49B9-BD81-6316DF6BD9DD}"
EndProject
Project("{9A19103F-16F7-4668-BE54-9A1E7A4F7556}") = "ComandaPro.CrossCutting", "ComandaPro.CrossCutting\ComandaPro.CrossCutting.csproj", "{1C822B44-B110-4CB8-8CEF-09301AA95DEA}"
EndProject
Project("{9A19103F-16F7-4668-BE54-9A1E7A4F7556}") = "ComandaPro.Domain", "ComandaPro.Domain\ComandaPro.Domain.csproj", "{8215DCE1-111C-4B3C-8038-7CE95700FB42}"
EndProject
Project("{9A19103F-16F7-4668-BE54-9A1E7A4F7556}") = "ComandaPro.Infra.Data", "ComandaPro.Infra.Data\ComandaPro.Infra.Data.csproj", "{8F5B5D7C-27B7-423B-AEC8-E61706DFBA15}"
EndProject
Project("{9A19103F-16F7-4668-BE54-9A1E7A4F7556}") = "ComandaPro.Service", "ComandaPro.Service\ComandaPro.Service.csproj", "{FB43E933-7B37-4F53-82B2-B4E569D56C09}"
EndProject
Project("{2150E333-8FDC-42A3-9474-1A3956D46DE8}") = "LoginAuthUser", "LoginAuthUser", "{00B5DF6A-00C5-4437-8BF7-0EEF2B25A075}"
EndProject
Project("{9A19103F-16F7-4668-BE54-9A1E7A4F7556}") = "LoginAuthUser.API", "LoginAuthUser.API\LoginAuthUser.API.csproj", "{4C6A9667-AD9A-4CA5-B042-7784403BD464}"
EndProject
Project("{9A19103F-16F7-4668-BE54-9A1E7A4F7556}") = "LoginAuthUser.Domain", "LoginAuthUser.Domain\LoginAuthUser.Domain.csproj", "{6BDE2E01-BF4A-4B0D-9FBA-990FB20C927A}"
EndProject
Project("{9A19103F-16F7-4668-BE54-9A1E7A4F7556}") = "LoginAuthUser.Infra.Data", "LoginAuthUser.Infra.Data\LoginAuthUser.Infra.Data.csproj", "{2E000F10-0326-4E00-A1A2-A575715594D3}"
EndProject
Project("{9A19103F-16F7-4668-BE54-9A1E7A4F7556}") = "LoginAuthUser.Service", "LoginAuthUser.Service\LoginAuthUser.Service.csproj", "{81FF2CEB-59C2-4B7A-A5D6-5E53D7AEEFDA}"
EndProject
Project("{9A19103F-16F7-4668-BE54-9A1E7A4F7556}") = "Order.API", "Order.API\Order.API.csproj", "{51CA0134-9E6A-429D-A720-26E35497B0EB}"
EndProject
Project("{9A19103F-16F7-4668-BE54-9A1E7A4F7556}") = "Order.Domain", "Order.Domain\Order.Domain.csproj", "{9A8C76EF-527E-4A0A-9BDA-C5537163190D}"
EndProject
Project("{9A19103F-16F7-4668-BE54-9A1E7A4F7556}") = "Order.Infra.Data", "Order.Infra.Data\Order.Infra.Data.csproj", "{70067575-816E-48F8-AB36-ACB21ACE8238}"
EndProject
Project("{9A19103F-16F7-4668-BE54-9A1E7A4F7556}") = "Order.Service", "Order.Service\Order.Service.csproj", "{C4F6E53E-7C73-4FF5-85E9-596A894F2877}"
EndProject
Project("{9A19103F-16F7-4668-BE54-9A1E7A4F7556}") = "Product.API", "Product.API\Product.API.csproj", "{46A1E00C-5648-448D-AF40-B8672978E074}"
	ProjectSection(ProjectDependencies) = postProject
		{026B8FA4-4920-47BE-92A8-362414B0A383} = {026B8FA4-4920-47BE-92A8-362414B0A383}
		{1C822B44-B110-4CB8-8CEF-09301AA95DEA} = {1C822B44-B110-4CB8-8CEF-09301AA95DEA}
		{2F9ADCB6-0B04-4333-B426-F8B6DCAA6289} = {2F9ADCB6-0B04-4333-B426-F8B6DCAA6289}
		{381EE386-64C7-4F07-8C0C-538655890060} = {381EE386-64C7-4F07-8C0C-538655890060}
	EndProjectSection
EndProject
Project("{9A19103F-16F7-4668-BE54-9A1E7A4F7556}") = "Product.Domain", "Product.Domain\Product.Domain.csproj", "{026B8FA4-4920-47BE-92A8-362414B0A383}"
EndProject
Project("{9A19103F-16F7-4668-BE54-9A1E7A4F7556}") = "Product.Infra.Data", "Product.Infra.Data\Product.Infra.Data.csproj", "{2F9ADCB6-0B04-4333-B426-F8B6DCAA6289}"
EndProject
Project("{9A19103F-16F7-4668-BE54-9A1E7A4F7556}") = "Product.Service", "Product.Service\Product.Service.csproj", "{381EE386-64C7-4F07-8C0C-538655890060}"
EndProject
Project("{9A19103F-16F7-4668-BE54-9A1E7A4F7556}") = "Product.Test", "Product.Test\Product.Test.csproj", "{2883DBF3-A8AA-4104-B6D4-A77B06FC1DB3}"
EndProject
Project("{9A19103F-16F7-4668-BE54-9A1E7A4F7556}") = "Command.Domain", "Command.Domain\Command.Domain.csproj", "{346CB059-E255-49DA-9195-7825320C8EB7}"
EndProject
Project("{9A19103F-16F7-4668-BE54-9A1E7A4F7556}") = "Command.Infra.Data", "Command.Infra.Data\Command.Infra.Data.csproj", "{B11E3314-F5D8-4FAD-A1C0-89C42C529DA3}"
EndProject
Project("{9A19103F-16F7-4668-BE54-9A1E7A4F7556}") = "Command.Service", "Command.Service\Command.Service.csproj", "{0E7F0787-091D-49AB-8E59-9F5083F79645}"
EndProject
Project("{9A19103F-16F7-4668-BE54-9A1E7A4F7556}") = "Command.API", "Command.API\Command.API.csproj", "{FEC3F17E-3D91-4783-8C7B-B348295F16AE}"
EndProject
Project("{FAE04EC0-301F-11D3-BF4B-00C04F79EFBC}") = "Command.Test", "Command.Test\Command.Test.csproj", "{AAC6ED9B-7946-4E92-90ED-E443CDEA0EB5}"
EndProject
Global
	GlobalSection(SolutionConfigurationPlatforms) = preSolution
		Debug|Any CPU = Debug|Any CPU
		Release|Any CPU = Release|Any CPU
	EndGlobalSection
	GlobalSection(ProjectConfigurationPlatforms) = postSolution
		{29C60066-7323-4801-B612-BD5EF1F81118}.Debug|Any CPU.ActiveCfg = Debug|Any CPU
		{29C60066-7323-4801-B612-BD5EF1F81118}.Debug|Any CPU.Build.0 = Debug|Any CPU
		{29C60066-7323-4801-B612-BD5EF1F81118}.Release|Any CPU.ActiveCfg = Release|Any CPU
		{29C60066-7323-4801-B612-BD5EF1F81118}.Release|Any CPU.Build.0 = Release|Any CPU
		{1C822B44-B110-4CB8-8CEF-09301AA95DEA}.Debug|Any CPU.ActiveCfg = Debug|Any CPU
		{1C822B44-B110-4CB8-8CEF-09301AA95DEA}.Debug|Any CPU.Build.0 = Debug|Any CPU
		{1C822B44-B110-4CB8-8CEF-09301AA95DEA}.Release|Any CPU.ActiveCfg = Release|Any CPU
		{1C822B44-B110-4CB8-8CEF-09301AA95DEA}.Release|Any CPU.Build.0 = Release|Any CPU
		{8215DCE1-111C-4B3C-8038-7CE95700FB42}.Debug|Any CPU.ActiveCfg = Debug|Any CPU
		{8215DCE1-111C-4B3C-8038-7CE95700FB42}.Debug|Any CPU.Build.0 = Debug|Any CPU
		{8215DCE1-111C-4B3C-8038-7CE95700FB42}.Release|Any CPU.ActiveCfg = Release|Any CPU
		{8215DCE1-111C-4B3C-8038-7CE95700FB42}.Release|Any CPU.Build.0 = Release|Any CPU
		{8F5B5D7C-27B7-423B-AEC8-E61706DFBA15}.Debug|Any CPU.ActiveCfg = Debug|Any CPU
		{8F5B5D7C-27B7-423B-AEC8-E61706DFBA15}.Debug|Any CPU.Build.0 = Debug|Any CPU
		{8F5B5D7C-27B7-423B-AEC8-E61706DFBA15}.Release|Any CPU.ActiveCfg = Release|Any CPU
		{8F5B5D7C-27B7-423B-AEC8-E61706DFBA15}.Release|Any CPU.Build.0 = Release|Any CPU
		{FB43E933-7B37-4F53-82B2-B4E569D56C09}.Debug|Any CPU.ActiveCfg = Debug|Any CPU
		{FB43E933-7B37-4F53-82B2-B4E569D56C09}.Debug|Any CPU.Build.0 = Debug|Any CPU
		{FB43E933-7B37-4F53-82B2-B4E569D56C09}.Release|Any CPU.ActiveCfg = Release|Any CPU
		{FB43E933-7B37-4F53-82B2-B4E569D56C09}.Release|Any CPU.Build.0 = Release|Any CPU
		{4C6A9667-AD9A-4CA5-B042-7784403BD464}.Debug|Any CPU.ActiveCfg = Debug|Any CPU
		{4C6A9667-AD9A-4CA5-B042-7784403BD464}.Debug|Any CPU.Build.0 = Debug|Any CPU
		{4C6A9667-AD9A-4CA5-B042-7784403BD464}.Release|Any CPU.ActiveCfg = Release|Any CPU
		{4C6A9667-AD9A-4CA5-B042-7784403BD464}.Release|Any CPU.Build.0 = Release|Any CPU
		{6BDE2E01-BF4A-4B0D-9FBA-990FB20C927A}.Debug|Any CPU.ActiveCfg = Debug|Any CPU
		{6BDE2E01-BF4A-4B0D-9FBA-990FB20C927A}.Debug|Any CPU.Build.0 = Debug|Any CPU
		{6BDE2E01-BF4A-4B0D-9FBA-990FB20C927A}.Release|Any CPU.ActiveCfg = Release|Any CPU
		{6BDE2E01-BF4A-4B0D-9FBA-990FB20C927A}.Release|Any CPU.Build.0 = Release|Any CPU
		{2E000F10-0326-4E00-A1A2-A575715594D3}.Debug|Any CPU.ActiveCfg = Debug|Any CPU
		{2E000F10-0326-4E00-A1A2-A575715594D3}.Debug|Any CPU.Build.0 = Debug|Any CPU
		{2E000F10-0326-4E00-A1A2-A575715594D3}.Release|Any CPU.ActiveCfg = Release|Any CPU
		{2E000F10-0326-4E00-A1A2-A575715594D3}.Release|Any CPU.Build.0 = Release|Any CPU
		{81FF2CEB-59C2-4B7A-A5D6-5E53D7AEEFDA}.Debug|Any CPU.ActiveCfg = Debug|Any CPU
		{81FF2CEB-59C2-4B7A-A5D6-5E53D7AEEFDA}.Debug|Any CPU.Build.0 = Debug|Any CPU
		{81FF2CEB-59C2-4B7A-A5D6-5E53D7AEEFDA}.Release|Any CPU.ActiveCfg = Release|Any CPU
		{81FF2CEB-59C2-4B7A-A5D6-5E53D7AEEFDA}.Release|Any CPU.Build.0 = Release|Any CPU
		{51CA0134-9E6A-429D-A720-26E35497B0EB}.Debug|Any CPU.ActiveCfg = Debug|Any CPU
		{51CA0134-9E6A-429D-A720-26E35497B0EB}.Debug|Any CPU.Build.0 = Debug|Any CPU
		{51CA0134-9E6A-429D-A720-26E35497B0EB}.Release|Any CPU.ActiveCfg = Release|Any CPU
		{51CA0134-9E6A-429D-A720-26E35497B0EB}.Release|Any CPU.Build.0 = Release|Any CPU
		{9A8C76EF-527E-4A0A-9BDA-C5537163190D}.Debug|Any CPU.ActiveCfg = Debug|Any CPU
		{9A8C76EF-527E-4A0A-9BDA-C5537163190D}.Debug|Any CPU.Build.0 = Debug|Any CPU
		{9A8C76EF-527E-4A0A-9BDA-C5537163190D}.Release|Any CPU.ActiveCfg = Release|Any CPU
		{9A8C76EF-527E-4A0A-9BDA-C5537163190D}.Release|Any CPU.Build.0 = Release|Any CPU
		{70067575-816E-48F8-AB36-ACB21ACE8238}.Debug|Any CPU.ActiveCfg = Debug|Any CPU
		{70067575-816E-48F8-AB36-ACB21ACE8238}.Debug|Any CPU.Build.0 = Debug|Any CPU
		{70067575-816E-48F8-AB36-ACB21ACE8238}.Release|Any CPU.ActiveCfg = Release|Any CPU
		{70067575-816E-48F8-AB36-ACB21ACE8238}.Release|Any CPU.Build.0 = Release|Any CPU
		{C4F6E53E-7C73-4FF5-85E9-596A894F2877}.Debug|Any CPU.ActiveCfg = Debug|Any CPU
		{C4F6E53E-7C73-4FF5-85E9-596A894F2877}.Debug|Any CPU.Build.0 = Debug|Any CPU
		{C4F6E53E-7C73-4FF5-85E9-596A894F2877}.Release|Any CPU.ActiveCfg = Release|Any CPU
		{C4F6E53E-7C73-4FF5-85E9-596A894F2877}.Release|Any CPU.Build.0 = Release|Any CPU
		{46A1E00C-5648-448D-AF40-B8672978E074}.Debug|Any CPU.ActiveCfg = Debug|Any CPU
		{46A1E00C-5648-448D-AF40-B8672978E074}.Debug|Any CPU.Build.0 = Debug|Any CPU
		{46A1E00C-5648-448D-AF40-B8672978E074}.Release|Any CPU.ActiveCfg = Release|Any CPU
		{46A1E00C-5648-448D-AF40-B8672978E074}.Release|Any CPU.Build.0 = Release|Any CPU
		{026B8FA4-4920-47BE-92A8-362414B0A383}.Debug|Any CPU.ActiveCfg = Debug|Any CPU
		{026B8FA4-4920-47BE-92A8-362414B0A383}.Debug|Any CPU.Build.0 = Debug|Any CPU
		{026B8FA4-4920-47BE-92A8-362414B0A383}.Release|Any CPU.ActiveCfg = Release|Any CPU
		{026B8FA4-4920-47BE-92A8-362414B0A383}.Release|Any CPU.Build.0 = Release|Any CPU
		{2F9ADCB6-0B04-4333-B426-F8B6DCAA6289}.Debug|Any CPU.ActiveCfg = Debug|Any CPU
		{2F9ADCB6-0B04-4333-B426-F8B6DCAA6289}.Debug|Any CPU.Build.0 = Debug|Any CPU
		{2F9ADCB6-0B04-4333-B426-F8B6DCAA6289}.Release|Any CPU.ActiveCfg = Release|Any CPU
		{2F9ADCB6-0B04-4333-B426-F8B6DCAA6289}.Release|Any CPU.Build.0 = Release|Any CPU
		{381EE386-64C7-4F07-8C0C-538655890060}.Debug|Any CPU.ActiveCfg = Debug|Any CPU
		{381EE386-64C7-4F07-8C0C-538655890060}.Debug|Any CPU.Build.0 = Debug|Any CPU
		{381EE386-64C7-4F07-8C0C-538655890060}.Release|Any CPU.ActiveCfg = Release|Any CPU
		{381EE386-64C7-4F07-8C0C-538655890060}.Release|Any CPU.Build.0 = Release|Any CPU
		{2883DBF3-A8AA-4104-B6D4-A77B06FC1DB3}.Debug|Any CPU.ActiveCfg = Debug|Any CPU
		{2883DBF3-A8AA-4104-B6D4-A77B06FC1DB3}.Debug|Any CPU.Build.0 = Debug|Any CPU
		{2883DBF3-A8AA-4104-B6D4-A77B06FC1DB3}.Release|Any CPU.ActiveCfg = Release|Any CPU
		{2883DBF3-A8AA-4104-B6D4-A77B06FC1DB3}.Release|Any CPU.Build.0 = Release|Any CPU
		{346CB059-E255-49DA-9195-7825320C8EB7}.Debug|Any CPU.ActiveCfg = Debug|Any CPU
		{346CB059-E255-49DA-9195-7825320C8EB7}.Debug|Any CPU.Build.0 = Debug|Any CPU
		{346CB059-E255-49DA-9195-7825320C8EB7}.Release|Any CPU.ActiveCfg = Release|Any CPU
		{346CB059-E255-49DA-9195-7825320C8EB7}.Release|Any CPU.Build.0 = Release|Any CPU
		{B11E3314-F5D8-4FAD-A1C0-89C42C529DA3}.Debug|Any CPU.ActiveCfg = Debug|Any CPU
		{B11E3314-F5D8-4FAD-A1C0-89C42C529DA3}.Debug|Any CPU.Build.0 = Debug|Any CPU
		{B11E3314-F5D8-4FAD-A1C0-89C42C529DA3}.Release|Any CPU.ActiveCfg = Release|Any CPU
		{B11E3314-F5D8-4FAD-A1C0-89C42C529DA3}.Release|Any CPU.Build.0 = Release|Any CPU
		{0E7F0787-091D-49AB-8E59-9F5083F79645}.Debug|Any CPU.ActiveCfg = Debug|Any CPU
		{0E7F0787-091D-49AB-8E59-9F5083F79645}.Debug|Any CPU.Build.0 = Debug|Any CPU
		{0E7F0787-091D-49AB-8E59-9F5083F79645}.Release|Any CPU.ActiveCfg = Release|Any CPU
		{0E7F0787-091D-49AB-8E59-9F5083F79645}.Release|Any CPU.Build.0 = Release|Any CPU
		{FEC3F17E-3D91-4783-8C7B-B348295F16AE}.Debug|Any CPU.ActiveCfg = Debug|Any CPU
		{FEC3F17E-3D91-4783-8C7B-B348295F16AE}.Debug|Any CPU.Build.0 = Debug|Any CPU
		{FEC3F17E-3D91-4783-8C7B-B348295F16AE}.Release|Any CPU.ActiveCfg = Release|Any CPU
		{FEC3F17E-3D91-4783-8C7B-B348295F16AE}.Release|Any CPU.Build.0 = Release|Any CPU
		{AAC6ED9B-7946-4E92-90ED-E443CDEA0EB5}.Debug|Any CPU.ActiveCfg = Debug|Any CPU
		{AAC6ED9B-7946-4E92-90ED-E443CDEA0EB5}.Debug|Any CPU.Build.0 = Debug|Any CPU
		{AAC6ED9B-7946-4E92-90ED-E443CDEA0EB5}.Release|Any CPU.ActiveCfg = Release|Any CPU
		{AAC6ED9B-7946-4E92-90ED-E443CDEA0EB5}.Release|Any CPU.Build.0 = Release|Any CPU
	EndGlobalSection
	GlobalSection(SolutionProperties) = preSolution
		HideSolutionNode = FALSE
	EndGlobalSection
	GlobalSection(NestedProjects) = preSolution
		{29C60066-7323-4801-B612-BD5EF1F81118} = {C2237AE8-0B7A-4CF4-A8FC-61A63BC18AA2}
		{1C822B44-B110-4CB8-8CEF-09301AA95DEA} = {0C7246DA-7885-40E8-9206-B1B402F67BAB}
		{8215DCE1-111C-4B3C-8038-7CE95700FB42} = {0C7246DA-7885-40E8-9206-B1B402F67BAB}
		{8F5B5D7C-27B7-423B-AEC8-E61706DFBA15} = {0C7246DA-7885-40E8-9206-B1B402F67BAB}
		{FB43E933-7B37-4F53-82B2-B4E569D56C09} = {0C7246DA-7885-40E8-9206-B1B402F67BAB}
		{4C6A9667-AD9A-4CA5-B042-7784403BD464} = {00B5DF6A-00C5-4437-8BF7-0EEF2B25A075}
		{6BDE2E01-BF4A-4B0D-9FBA-990FB20C927A} = {00B5DF6A-00C5-4437-8BF7-0EEF2B25A075}
		{2E000F10-0326-4E00-A1A2-A575715594D3} = {00B5DF6A-00C5-4437-8BF7-0EEF2B25A075}
		{81FF2CEB-59C2-4B7A-A5D6-5E53D7AEEFDA} = {00B5DF6A-00C5-4437-8BF7-0EEF2B25A075}
		{51CA0134-9E6A-429D-A720-26E35497B0EB} = {8AEC7E1E-FBB8-4710-88D5-1CE49499DFD1}
		{9A8C76EF-527E-4A0A-9BDA-C5537163190D} = {8AEC7E1E-FBB8-4710-88D5-1CE49499DFD1}
		{70067575-816E-48F8-AB36-ACB21ACE8238} = {8AEC7E1E-FBB8-4710-88D5-1CE49499DFD1}
		{C4F6E53E-7C73-4FF5-85E9-596A894F2877} = {8AEC7E1E-FBB8-4710-88D5-1CE49499DFD1}
		{46A1E00C-5648-448D-AF40-B8672978E074} = {4C9E5F8E-44B3-47CE-996F-DF7597DCD9B3}
		{026B8FA4-4920-47BE-92A8-362414B0A383} = {4C9E5F8E-44B3-47CE-996F-DF7597DCD9B3}
		{2F9ADCB6-0B04-4333-B426-F8B6DCAA6289} = {4C9E5F8E-44B3-47CE-996F-DF7597DCD9B3}
		{381EE386-64C7-4F07-8C0C-538655890060} = {4C9E5F8E-44B3-47CE-996F-DF7597DCD9B3}
		{2883DBF3-A8AA-4104-B6D4-A77B06FC1DB3} = {4C9E5F8E-44B3-47CE-996F-DF7597DCD9B3}
		{346CB059-E255-49DA-9195-7825320C8EB7} = {08CD92B9-6A30-49B9-BD81-6316DF6BD9DD}
		{B11E3314-F5D8-4FAD-A1C0-89C42C529DA3} = {08CD92B9-6A30-49B9-BD81-6316DF6BD9DD}
		{0E7F0787-091D-49AB-8E59-9F5083F79645} = {08CD92B9-6A30-49B9-BD81-6316DF6BD9DD}
		{FEC3F17E-3D91-4783-8C7B-B348295F16AE} = {08CD92B9-6A30-49B9-BD81-6316DF6BD9DD}
		{AAC6ED9B-7946-4E92-90ED-E443CDEA0EB5} = {08CD92B9-6A30-49B9-BD81-6316DF6BD9DD}
	EndGlobalSection
	GlobalSection(ExtensibilityGlobals) = postSolution
		SolutionGuid = {8C23E64B-D0AB-4FF1-83FA-9C076AA1FC06}
	EndGlobalSection
EndGlobal
